
Microsoft Visual Studio Solution File, Format Version 12.00
# Visual Studio Version 16
VisualStudioVersion = 16.0.29509.3
MinimumVisualStudioVersion = 10.0.40219.1
Project("{E24C65DC-7377-472B-9ABA-BC803B73C61A}") = "RaffleTrackerNew", ".", "{0FC1CE16-259C-4A65-AD03-F3F96FCF153A}"
	ProjectSection(WebsiteProperties) = preProject
		TargetFrameworkMoniker = ".NETFramework,Version%3Dv4.5"
		Debug.AspNetCompiler.VirtualPath = "/RaffleTrackerNew"
		Debug.AspNetCompiler.PhysicalPath = "..\RaffleTrackerNew\"
		Debug.AspNetCompiler.TargetPath = "PrecompiledWeb\RaffleTrackerNew\"
		Debug.AspNetCompiler.Updateable = "true"
		Debug.AspNetCompiler.ForceOverwrite = "true"
		Debug.AspNetCompiler.FixedNames = "false"
		Debug.AspNetCompiler.Debug = "True"
		Release.AspNetCompiler.VirtualPath = "/RaffleTrackerNew"
		Release.AspNetCompiler.PhysicalPath = "..\RaffleTrackerNew\"
		Release.AspNetCompiler.TargetPath = "PrecompiledWeb\RaffleTrackerNew\"
		Release.AspNetCompiler.Updateable = "true"
		Release.AspNetCompiler.ForceOverwrite = "true"
		Release.AspNetCompiler.FixedNames = "false"
		Release.AspNetCompiler.Debug = "False"
		VWDPort = "11047"
		VWDVirtualPath = "/"
		SlnRelativePath = "..\RaffleTrackerNew\"
	EndProjectSection
EndProject
Global
	GlobalSection(SolutionConfigurationPlatforms) = preSolution
		Debug|Any CPU = Debug|Any CPU
	EndGlobalSection
	GlobalSection(ProjectConfigurationPlatforms) = postSolution
		{0FC1CE16-259C-4A65-AD03-F3F96FCF153A}.Debug|Any CPU.ActiveCfg = Debug|Any CPU
		{0FC1CE16-259C-4A65-AD03-F3F96FCF153A}.Debug|Any CPU.Build.0 = Debug|Any CPU
	EndGlobalSection
	GlobalSection(SolutionProperties) = preSolution
		HideSolutionNode = FALSE
	EndGlobalSection
	GlobalSection(ExtensibilityGlobals) = postSolution
		SolutionGuid = {AB4A916F-B448-41C7-97BE-42C5295355C0}
	EndGlobalSection
EndGlobal
